version = 1
revision = 3
requires-python = ">=3.13"

[[package]]
name = "click"
version = "8.3.1"
source = { registry = "https://pypi.org/simple" }
dependencies = [
    { name = "colorama", marker = "sys_platform == 'win32'" },
]
sdist = { url = "https://files.pythonhosted.org/packages/3d/fa/656b739db8587d7b5dfa22e22ed02566950fbfbcdc20311993483657a5c0/click-8.3.1.tar.gz", hash = "sha256:12ff4785d337a1bb490bb7e9c2b1ee5da3112e94a8622f26a6c77f5d2fc6842a", size = 295065, upload-time = "2025-11-15T20:45:42.706Z" }
wheels = [
    { url = "https://files.pythonhosted.org/packages/98/78/01c019cdb5d6498122777c1a43056ebb3ebfeef2076d9d026bfe15583b2b/click-8.3.1-py3-none-any.whl", hash = "sha256:981153a64e25f12d547d3426c367a4857371575ee7ad18df2a6183ab0545b2a6", size = 108274, upload-time = "2025-11-15T20:45:41.139Z" },
]

[[package]]
name = "colorama"
version = "0.4.6"
source = { registry = "https://pypi.org/simple" }
sdist = { url = "https://files.pythonhosted.org/packages/d8/53/6f443c9a4a8358a93a6792e2acffb9d9d5cb0a5cfd8802644b7b1c9a02e4/colorama-0.4.6.tar.gz", hash = "sha256:08695f5cb7ed6e0531a20572697297273c47b8cae5a63ffc6d6ed5c201be6e44", size = 27697, upload-time = "2022-10-25T02:36:22.414Z" }
wheels = [
    { url = "https://files.pythonhosted.org/packages/d1/d6/3965ed04c63042e047cb6a3e6ed1a63a35087b6a609aa3a15ed8ac56c221/colorama-0.4.6-py2.py3-none-any.whl", hash = "sha256:4f1d9991f5acc0ca119f9d443620b77f9d6b33703e51011c16baf57afb285fc6", size = 25335, upload-time = "2022-10-25T02:36:20.889Z" },
]

[[package]]
name = "debugpy"
version = "1.8.19"
source = { registry = "https://pypi.org/simple" }
sdist = { url = "https://files.pythonhosted.org/packages/73/75/9e12d4d42349b817cd545b89247696c67917aab907012ae5b64bbfea3199/debugpy-1.8.19.tar.gz", hash = "sha256:eea7e5987445ab0b5ed258093722d5ecb8bb72217c5c9b1e21f64efe23ddebdb", size = 1644590, upload-time = "2025-12-15T21:53:28.044Z" }
wheels = [
    { url = "https://files.pythonhosted.org/packages/71/3d/388035a31a59c26f1ecc8d86af607d0c42e20ef80074147cd07b180c4349/debugpy-1.8.19-cp313-cp313-macosx_15_0_universal2.whl", hash = "sha256:91e35db2672a0abaf325f4868fcac9c1674a0d9ad9bb8a8c849c03a5ebba3e6d", size = 2538859, upload-time = "2025-12-15T21:53:50.478Z" },
    { url = "https://files.pythonhosted.org/packages/4a/19/c93a0772d0962294f083dbdb113af1a7427bb632d36e5314297068f55db7/debugpy-1.8.19-cp313-cp313-manylinux_2_34_x86_64.whl", hash = "sha256:85016a73ab84dea1c1f1dcd88ec692993bcbe4532d1b49ecb5f3c688ae50c606", size = 4292575, upload-time = "2025-12-15T21:53:51.821Z" },
    { url = "https://files.pythonhosted.org/packages/5c/56/09e48ab796b0a77e3d7dc250f95251832b8bf6838c9632f6100c98bdf426/debugpy-1.8.19-cp313-cp313-win32.whl", hash = "sha256:b605f17e89ba0ecee994391194285fada89cee111cfcd29d6f2ee11cbdc40976", size = 5286209, upload-time = "2025-12-15T21:53:53.602Z" },
    { url = "https://files.pythonhosted.org/packages/fb/4e/931480b9552c7d0feebe40c73725dd7703dcc578ba9efc14fe0e6d31cfd1/debugpy-1.8.19-cp313-cp313-win_amd64.whl", hash = "sha256:c30639998a9f9cd9699b4b621942c0179a6527f083c72351f95c6ab1728d5b73", size = 5328206, upload-time = "2025-12-15T21:53:55.433Z" },
    { url = "https://files.pythonhosted.org/packages/f6/b9/cbec520c3a00508327476c7fce26fbafef98f412707e511eb9d19a2ef467/debugpy-1.8.19-cp314-cp314-macosx_15_0_universal2.whl", hash = "sha256:1e8c4d1bd230067bf1bbcdbd6032e5a57068638eb28b9153d008ecde288152af", size = 2537372, upload-time = "2025-12-15T21:53:57.318Z" },
    { url = "https://files.pythonhosted.org/packages/88/5e/cf4e4dc712a141e10d58405c58c8268554aec3c35c09cdcda7535ff13f76/debugpy-1.8.19-cp314-cp314-manylinux_2_34_x86_64.whl", hash = "sha256:d40c016c1f538dbf1762936e3aeb43a89b965069d9f60f9e39d35d9d25e6b809", size = 4268729, upload-time = "2025-12-15T21:53:58.712Z" },
    { url = "https://files.pythonhosted.org/packages/82/a3/c91a087ab21f1047db328c1d3eb5d1ff0e52de9e74f9f6f6fa14cdd93d58/debugpy-1.8.19-cp314-cp314-win32.whl", hash = "sha256:0601708223fe1cd0e27c6cce67a899d92c7d68e73690211e6788a4b0e1903f5b", size = 5286388, upload-time = "2025-12-15T21:54:00.687Z" },
    { url = "https://files.pythonhosted.org/packages/17/b8/bfdc30b6e94f1eff09f2dc9cc1f9cd1c6cde3d996bcbd36ce2d9a4956e99/debugpy-1.8.19-cp314-cp314-win_amd64.whl", hash = "sha256:8e19a725f5d486f20e53a1dde2ab8bb2c9607c40c00a42ab646def962b41125f", size = 5327741, upload-time = "2025-12-15T21:54:02.148Z" },
    { url = "https://files.pythonhosted.org/packages/25/3e/e27078370414ef35fafad2c06d182110073daaeb5d3bf734b0b1eeefe452/debugpy-1.8.19-py2.py3-none-any.whl", hash = "sha256:360ffd231a780abbc414ba0f005dad409e71c78637efe8f2bd75837132a41d38", size = 5292321, upload-time = "2025-12-15T21:54:16.024Z" },
]

[[package]]
name = "markdown-it-py"
version = "4.0.0"
source = { registry = "https://pypi.org/simple" }
dependencies = [
    { name = "mdurl" },
]
sdist = { url = "https://files.pythonhosted.org/packages/5b/f5/4ec618ed16cc4f8fb3b701563655a69816155e79e24a17b651541804721d/markdown_it_py-4.0.0.tar.gz", hash = "sha256:cb0a2b4aa34f932c007117b194e945bd74e0ec24133ceb5bac59009cda1cb9f3", size = 73070, upload-time = "2025-08-11T12:57:52.854Z" }
wheels = [
    { url = "https://files.pythonhosted.org/packages/94/54/e7d793b573f298e1c9013b8c4dade17d481164aa517d1d7148619c2cedbf/markdown_it_py-4.0.0-py3-none-any.whl", hash = "sha256:87327c59b172c5011896038353a81343b6754500a08cd7a4973bb48c6d578147", size = 87321, upload-time = "2025-08-11T12:57:51.923Z" },
]

[[package]]
name = "mdurl"
version = "0.1.2"
source = { registry = "https://pypi.org/simple" }
sdist = { url = "https://files.pythonhosted.org/packages/d6/54/cfe61301667036ec958cb99bd3efefba235e65cdeb9c84d24a8293ba1d90/mdurl-0.1.2.tar.gz", hash = "sha256:bb413d29f5eea38f31dd4754dd7377d4465116fb207585f97bf925588687c1ba", size = 8729, upload-time = "2022-08-14T12:40:10.846Z" }
wheels = [
    { url = "https://files.pythonhosted.org/packages/b3/38/89ba8ad64ae25be8de66a6d463314cf1eb366222074cfda9ee839c56a4b4/mdurl-0.1.2-py3-none-any.whl", hash = "sha256:84008a41e51615a49fc9966191ff91509e3c40b939176e643fd50a5c2196b8f8", size = 9979, upload-time = "2022-08-14T12:40:09.779Z" },
]

[[package]]
name = "prompt-toolkit"
version = "3.0.52"
source = { registry = "https://pypi.org/simple" }
dependencies = [
    { name = "wcwidth" },
]
sdist = { url = "https://files.pythonhosted.org/packages/a1/96/06e01a7b38dce6fe1db213e061a4602dd6032a8a97ef6c1a862537732421/prompt_toolkit-3.0.52.tar.gz", hash = "sha256:28cde192929c8e7321de85de1ddbe736f1375148b02f2e17edd840042b1be855", size = 434198, upload-time = "2025-08-27T15:24:02.057Z" }
wheels = [
    { url = "https://files.pythonhosted.org/packages/84/03/0d3ce49e2505ae70cf43bc5bb3033955d2fc9f932163e84dc0779cc47f48/prompt_toolkit-3.0.52-py3-none-any.whl", hash = "sha256:9aac639a3bbd33284347de5ad8d68ecc044b91a762dc39b7c21095fcd6a19955", size = 391431, upload-time = "2025-08-27T15:23:59.498Z" },
]

[[package]]
name = "pygments"
version = "2.19.2"
source = { registry = "https://pypi.org/simple" }
sdist = { url = "https://files.pythonhosted.org/packages/b0/77/a5b8c569bf593b0140bde72ea885a803b82086995367bf2037de0159d924/pygments-2.19.2.tar.gz", hash = "sha256:636cb2477cec7f8952536970bc533bc43743542f70392ae026374600add5b887", size = 4968631, upload-time = "2025-06-21T13:39:12.283Z" }
wheels = [
    { url = "https://files.pythonhosted.org/packages/c7/21/705964c7812476f378728bdf590ca4b771ec72385c533964653c68e86bdc/pygments-2.19.2-py3-none-any.whl", hash = "sha256:86540386c03d588bb81d44bc3928634ff26449851e99741617ecb9037ee5ec0b", size = 1225217, upload-time = "2025-06-21T13:39:07.939Z" },
]

[[package]]
name = "questionary"
version = "2.1.1"
source = { registry = "https://pypi.org/simple" }
dependencies = [
    { name = "prompt-toolkit" },
]
sdist = { url = "https://files.pythonhosted.org/packages/f6/45/eafb0bba0f9988f6a2520f9ca2df2c82ddfa8d67c95d6625452e97b204a5/questionary-2.1.1.tar.gz", hash = "sha256:3d7e980292bb0107abaa79c68dd3eee3c561b83a0f89ae482860b181c8bd412d", size = 25845, upload-time = "2025-08-28T19:00:20.851Z" }
wheels = [
    { url = "https://files.pythonhosted.org/packages/3c/26/1062c7ec1b053db9e499b4d2d5bc231743201b74051c973dadeac80a8f43/questionary-2.1.1-py3-none-any.whl", hash = "sha256:a51af13f345f1cdea62347589fbb6df3b290306ab8930713bfae4d475a7d4a59", size = 36753, upload-time = "2025-08-28T19:00:19.56Z" },
]

[[package]]
name = "rich"
version = "14.2.0"
source = { registry = "https://pypi.org/simple" }
dependencies = [
    { name = "markdown-it-py" },
    { name = "pygments" },
]
sdist = { url = "https://files.pythonhosted.org/packages/fb/d2/8920e102050a0de7bfabeb4c4614a49248cf8d5d7a8d01885fbb24dc767a/rich-14.2.0.tar.gz", hash = "sha256:73ff50c7c0c1c77c8243079283f4edb376f0f6442433aecb8ce7e6d0b92d1fe4", size = 219990, upload-time = "2025-10-09T14:16:53.064Z" }
wheels = [
    { url = "https://files.pythonhosted.org/packages/25/7a/b0178788f8dc6cafce37a212c99565fa1fe7872c70c6c9c1e1a372d9d88f/rich-14.2.0-py3-none-any.whl", hash = "sha256:76bc51fe2e57d2b1be1f96c524b890b816e334ab4c1e45888799bfaab0021edd", size = 243393, upload-time = "2025-10-09T14:16:51.245Z" },
]

[[package]]
name = "speedyj"
version = "0.1.0"
source = { virtual = "." }
dependencies = [
    { name = "click" },
    { name = "debugpy" },
    { name = "questionary" },
    { name = "rich" },
    { name = "sqlcipher3" },
]

[package.metadata]
requires-dist = [
    { name = "click", specifier = ">=8.3.1" },
    { name = "debugpy", specifier = ">=1.8.19" },
    { name = "questionary", specifier = ">=2.1.1" },
    { name = "rich", specifier = ">=14.2.0" },
    { name = "sqlcipher3", specifier = ">=0.6.2" },
]

[[package]]
name = "sqlcipher3"
version = "0.6.2"
source = { registry = "https://pypi.org/simple" }
sdist = { url = "https://files.pythonhosted.org/packages/ae/c1/414003d77549c444bafd636149ab3ace6f4e2cb4666c9955d54ad62096cb/sqlcipher3-0.6.2.tar.gz", hash = "sha256:a2b675289ba8889f389625a21f3a01f1ff159a551b5b88fba8fd92da0e02380a", size = 2663213, upload-time = "2026-01-07T23:13:26.061Z" }
wheels = [
    { url = "https://files.pythonhosted.org/packages/0e/79/56fb1ea7cffc2ef32446b6fb9ba499464324995f9ea21c88791af9176682/sqlcipher3-0.6.2-cp313-cp313-macosx_10_13_universal2.whl", hash = "sha256:8093773cd59b2a205d2cdb21383a93f7725126497032c269983ed89a89993631", size = 4943278, upload-time = "2026-01-07T23:12:28.735Z" },
    { url = "https://files.pythonhosted.org/packages/98/5f/805772f52b10abe1e1aedba6f8c0ab7fb5eb5ccb4de5dfb51fef71132096/sqlcipher3-0.6.2-cp313-cp313-macosx_10_13_x86_64.whl", hash = "sha256:29f39d50bea02d78a824022989164c171e865bfeced3f9b84d1d45193dae074c", size = 2894958, upload-time = "2026-01-07T23:12:29.863Z" },
    { url = "https://files.pythonhosted.org/packages/56/0d/2cee40de57d47245de09382c64e649c8cc8e86fa549ecba7591633fabf20/sqlcipher3-0.6.2-cp313-cp313-macosx_11_0_arm64.whl", hash = "sha256:8e1ff6079603dfd955d57c26dad5eab14f6baacdc643d8753dd651913ba789cf", size = 3160350, upload-time = "2026-01-07T23:12:30.934Z" },
    { url = "https://files.pythonhosted.org/packages/fc/7a/72e7001af10c5b0e34592eae8e2634c22f1eb67d9859327c2fbbbf2b4961/sqlcipher3-0.6.2-cp313-cp313-manylinux_2_28_aarch64.whl", hash = "sha256:35ae605f7594fca64a6d71007795dd39effd625cdc2a181d47f7d9fc8a5e1965", size = 7257677, upload-time = "2026-01-07T23:12:32.091Z" },
    { url = "https://files.pythonhosted.org/packages/a0/16/2e36fc23f4cc3baad39938c71c2db33a92ffa230a81073aa9186ad33a540/sqlcipher3-0.6.2-cp313-cp313-manylinux_2_28_i686.whl", hash = "sha256:8a3e39ad5f73060232b17715aa3b757e82ec4b67bb6acfc081147f66d00c2659", size = 6870821, upload-time = "2026-01-07T23:12:33.516Z" },
    { url = "https://files.pythonhosted.org/packages/f4/6b/874f72b6f3c3ebbe889e4279a0d422b7271ef7b3c63e45fae80a4ce16ec7/sqlcipher3-0.6.2-cp313-cp313-manylinux_2_28_x86_64.whl", hash = "sha256:9fb7109981583b631ac795e7e955d4bf78058f64b54c7f334ccc437adc322d4b", size = 7037142, upload-time = "2026-01-07T23:12:34.803Z" },
    { url = "https://files.pythonhosted.org/packages/a5/a0/36af1ad4a3d45cc6c3a5dd508d1d5ddd24a6903a478405d40da37b1acc07/sqlcipher3-0.6.2-cp313-cp313-musllinux_1_2_aarch64.whl", hash = "sha256:1ab63dcba15868853cb4d318cceb50dc47b94095e0c434f2785b9b098f3f5b42", size = 7249529, upload-time = "2026-01-07T23:12:36.079Z" },
    { url = "https://files.pythonhosted.org/packages/fd/67/544729cd60a1cd961d6e70b7880a5a2dd18dd38bf9575527b5b2a893daa5/sqlcipher3-0.6.2-cp313-cp313-musllinux_1_2_x86_64.whl", hash = "sha256:16d54822ad2fe44e49818a27f4862ba041f2d4a6aeb69422186379f9af97ced0", size = 7057767, upload-time = "2026-01-07T23:12:37.487Z" },
    { url = "https://files.pythonhosted.org/packages/5b/63/20730edd16df0d5ba8198cf8f4b679335c9db61c469d30ba2ef8adfbee2e/sqlcipher3-0.6.2-cp313-cp313-win32.whl", hash = "sha256:31789ce5ec7dd3f6c4ebd612c9cd9f7079a1d3698829111f7a382b0c10da3a87", size = 1981467, upload-time = "2026-01-07T23:12:39.16Z" },
    { url = "https://files.pythonhosted.org/packages/ab/e3/11e2e945557fe300bc399d9fafbba9154089f84483f4940546fd81b49b29/sqlcipher3-0.6.2-cp313-cp313-win_amd64.whl", hash = "sha256:9dc959ff792228c6df836cfd3667c713ae13e6e18dc2905c9d5666558606e832", size = 2485219, upload-time = "2026-01-07T23:12:40.473Z" },
    { url = "https://files.pythonhosted.org/packages/f3/79/245ef275ef93b45005e000105eb62df5779c056b1ba699eb7b5ba663a1c8/sqlcipher3-0.6.2-cp313-cp313-win_arm64.whl", hash = "sha256:30eeac16e755e5b0cff584ff541d3001bfcfc20be0ae364ff5305bbaeccbb3f1", size = 2651933, upload-time = "2026-01-07T23:12:41.727Z" },
    { url = "https://files.pythonhosted.org/packages/27/a6/8e0ac8e198ba5c92b4af150f1b405968dacb399259bb74e732818dbacb46/sqlcipher3-0.6.2-cp314-cp314-macosx_10_15_universal2.whl", hash = "sha256:dae7ce66554f2416d9e9012cc78dfe4d4053385e7fa289a8d0bd7772e5f5a702", size = 4943422, upload-time = "2026-01-07T23:12:42.883Z" },
    { url = "https://files.pythonhosted.org/packages/e1/99/72b4e23936bd4065fb97c07429a395c828a1d7419776219c7e98932df14f/sqlcipher3-0.6.2-cp314-cp314-macosx_10_15_x86_64.whl", hash = "sha256:be137cc92c9a039e469a758ee55e27e2385f419d1387f24e2029c536aa5d9736", size = 2894925, upload-time = "2026-01-07T23:12:44.133Z" },
    { url = "https://files.pythonhosted.org/packages/f6/01/f3552874b158d83c15fb9d550576020cc42b34019d0daf3291b381fbfb01/sqlcipher3-0.6.2-cp314-cp314-macosx_11_0_arm64.whl", hash = "sha256:5c1f4a5805faa418c9c7290e6a556a8c5abae40ea59b04d76e960e33c257e618", size = 3160559, upload-time = "2026-01-07T23:12:45.552Z" },
    { url = "https://files.pythonhosted.org/packages/20/a0/274cbe5180a837818f5502823b5fa20f198546abc36ee56803636db5dcaf/sqlcipher3-0.6.2-cp314-cp314-manylinux_2_28_aarch64.whl", hash = "sha256:e2328f0848ffb78807cf0898749dc22ff3f5aa95ab0d5a8a253628de20c11a1c", size = 7257835, upload-time = "2026-01-07T23:12:46.856Z" },
    { url = "https://files.pythonhosted.org/packages/d5/49/0d9a84435658ea3a6cdbb54cb8e67725e4c146726d008248531dca146eb7/sqlcipher3-0.6.2-cp314-cp314-manylinux_2_28_i686.whl", hash = "sha256:a1fbb693bf7c2f6f46ed038544b0bf76ea43dcc3231905cf5a686af15dc9b424", size = 6872199, upload-time = "2026-01-07T23:12:48.235Z" },
    { url = "https://files.pythonhosted.org/packages/ff/12/8d554633c3975f429e07cf07e136fb94ace10b460e1cb86b4c8019b7cdb4/sqlcipher3-0.6.2-cp314-cp314-manylinux_2_28_x86_64.whl", hash = "sha256:e00988174ecd67ecd4537504c3df55bf8daeb75fce98401f099dff8e22c43ae1", size = 7037131, upload-time = "2026-01-07T23:12:49.416Z" },
    { url = "https://files.pythonhosted.org/packages/2e/7a/58dbb21db860d006d2be466678e7fdc317118a55c0e8a3e2a7f848f42112/sqlcipher3-0.6.2-cp314-cp314-musllinux_1_2_aarch64.whl", hash = "sha256:a105e816579bb7cce6f03e7e208b06d6d886c6445e1c738ed9aa2febabff3041", size = 7250574, upload-time = "2026-01-07T23:12:50.73Z" },
    { url = "https://files.pythonhosted.org/packages/62/84/8d1f55fd8fadef56b40ee19bfae23100b5ff883bec65582a12a4bfbd56d5/sqlcipher3-0.6.2-cp314-cp314-musllinux_1_2_x86_64.whl", hash = "sha256:e3a936d7414ae62f40880668bc036b0fde1ef0f48ed86cfe6564340f780ceea4", size = 7058156, upload-time = "2026-01-07T23:12:52.13Z" },
    { url = "https://files.pythonhosted.org/packages/d5/0d/80861eeeba9f5f6a0f202b3d27f9ab696e2c885442ed9340ad96ba0ed66c/sqlcipher3-0.6.2-cp314-cp314-win32.whl", hash = "sha256:7a07dafe752e013d4030accf218e80472d08de1309ddaf26df6f02d0850b2cec", size = 2028880, upload-time = "2026-01-07T23:12:53.316Z" },
    { url = "https://files.pythonhosted.org/packages/a6/11/950f0b092588866213e5d89b08701d24a938c9df116673bba54ac35f61af/sqlcipher3-0.6.2-cp314-cp314-win_amd64.whl", hash = "sha256:7de6133b19aec27b30698267cc2a0ea6e82c21d9a81d349cf0b480439fb549ac", size = 2556915, upload-time = "2026-01-07T23:12:54.615Z" },
    { url = "https://files.pythonhosted.org/packages/5c/e7/cc1ce8e013bb84b8429b9736de7aca58b738781b08230bc9ba1c1e1a6d55/sqlcipher3-0.6.2-cp314-cp314-win_arm64.whl", hash = "sha256:765e133bd4ddda5596275f1221fa63b2b5d7d2b6e3670809bbf630edb705e27a", size = 2722598, upload-time = "2026-01-07T23:12:55.743Z" },
    { url = "https://files.pythonhosted.org/packages/26/68/611dd86b446e069f769cf129cde96967982e0b41f49e66df9d3d21255df7/sqlcipher3-0.6.2-cp314-cp314t-macosx_10_15_universal2.whl", hash = "sha256:83533b5b7622ec9b78bec7596d96534e30015136f3e3e69a22f836fc59e393bc", size = 4947511, upload-time = "2026-01-07T23:12:56.968Z" },
    { url = "https://files.pythonhosted.org/packages/80/24/b7e39a394841d56a678edb4b5a3b259b5a07bbb86a3863e15c5e1b041a58/sqlcipher3-0.6.2-cp314-cp314t-macosx_10_15_x86_64.whl", hash = "sha256:310d7adbea382bda31007ee7d3dc63ba6ca86fcf7c0626ea804161fad2efce5e", size = 2896925, upload-time = "2026-01-07T23:12:58.09Z" },
    { url = "https://files.pythonhosted.org/packages/31/ff/0b4b0cb02dd4084325bce526f0f4467c6a1ebcdf8fc625516734640f37ba/sqlcipher3-0.6.2-cp314-cp314t-macosx_11_0_arm64.whl", hash = "sha256:1010c4ff1ff13a7e53284a3b03980754dbd37e6eea6faed9c6409e52bac082e6", size = 3164288, upload-time = "2026-01-07T23:12:59.362Z" },
    { url = "https://files.pythonhosted.org/packages/d0/c3/bab9952c3c1bbde45313716610c5dcd36528b315228ac0b51e2d45217509/sqlcipher3-0.6.2-cp314-cp314t-manylinux_2_28_aarch64.whl", hash = "sha256:d437215611b620b32cb6b68dbc66dbeaccdfb3f76a7b6d8118a40849f8612088", size = 7300761, upload-time = "2026-01-07T23:13:00.836Z" },
    { url = "https://files.pythonhosted.org/packages/2b/ca/3315292ed9ddbcd2de28f445ad11cc4a7f710d8b2ab2095aa0a629682d25/sqlcipher3-0.6.2-cp314-cp314t-manylinux_2_28_i686.whl", hash = "sha256:09e4170b1b2744b02b1c9315996a228d0b8d8a3ec1a0f7d4d41db0e79872fcea", size = 6911561, upload-time = "2026-01-07T23:13:02.072Z" },
    { url = "https://files.pythonhosted.org/packages/a8/66/fdfdb11110d7166ca3707180d9ce85642be096d348072aba0ef8483b307a/sqlcipher3-0.6.2-cp314-cp314t-manylinux_2_28_x86_64.whl", hash = "sha256:bb4eaa9093bd46a7d51a65b9f63bac29ec4fc6b4ac794083e53eeb49f6db7e2c", size = 7074025, upload-time = "2026-01-07T23:13:03.327Z" },
    { url = "https://files.pythonhosted.org/packages/ca/24/69b9bdc5ae7859a009b5336515c7e4ea5d58dfe3e358e44fabbcdd1431ae/sqlcipher3-0.6.2-cp314-cp314t-musllinux_1_2_aarch64.whl", hash = "sha256:782111277cbd999b7bc4e9e910396492ee28397c2c60ef7287b6dbc36a0b6a24", size = 7293516, upload-time = "2026-01-07T23:13:04.67Z" },
    { url = "https://files.pythonhosted.org/packages/07/1b/2a62a605851b6ada8686c31b0cd82dd4305b7b19a57af3dbf7fe43249d1e/sqlcipher3-0.6.2-cp314-cp314t-musllinux_1_2_x86_64.whl", hash = "sha256:a01424f0d0120e8d9d3e0e1751ef78e70867bbce91f283b56911e8c6adaafddb", size = 7096368, upload-time = "2026-01-07T23:13:06.205Z" },
    { url = "https://files.pythonhosted.org/packages/c1/7a/6c7d3356c9885e87a49d8f649f25019125ce6e68b4c8bb3933538d7add2c/sqlcipher3-0.6.2-cp314-cp314t-win32.whl", hash = "sha256:311fa50be627a4d1566bed31fd7725dec535a71332dcefdcdf9ec2472c4f824d", size = 2031516, upload-time = "2026-01-07T23:13:07.374Z" },
    { url = "https://files.pythonhosted.org/packages/47/be/42d8d5cbcd0a89a5d7bfa1fe2ff986355d8b5910445b92f9d109b18eca93/sqlcipher3-0.6.2-cp314-cp314t-win_amd64.whl", hash = "sha256:7ac16581a5b80c54237c5f08f2e488051dfa7f52e3890e7765a6364d5bb3a2c6", size = 2559803, upload-time = "2026-01-07T23:13:08.447Z" },
    { url = "https://files.pythonhosted.org/packages/9d/27/140a300fd151773604c4ff75ff5785febf25071231f239d6ce84b32e1408/sqlcipher3-0.6.2-cp314-cp314t-win_arm64.whl", hash = "sha256:76125dd222f4946302f70281e155ae9336efa4bc6fabdc81a7ae9bd4dfce9180", size = 2724322, upload-time = "2026-01-07T23:13:09.5Z" },
]

[[package]]
name = "wcwidth"
version = "0.2.14"
source = { registry = "https://pypi.org/simple" }
sdist = { url = "https://files.pythonhosted.org/packages/24/30/6b0809f4510673dc723187aeaf24c7f5459922d01e2f794277a3dfb90345/wcwidth-0.2.14.tar.gz", hash = "sha256:4d478375d31bc5395a3c55c40ccdf3354688364cd61c4f6adacaa9215d0b3605", size = 102293, upload-time = "2025-09-22T16:29:53.023Z" }
wheels = [
    { url = "https://files.pythonhosted.org/packages/af/b5/123f13c975e9f27ab9c0770f514345bd406d0e8d3b7a0723af9d43f710af/wcwidth-0.2.14-py2.py3-none-any.whl", hash = "sha256:a7bb560c8aee30f9957e5f9895805edd20602f2d7f720186dfd906e82b4982e1", size = 37286, upload-time = "2025-09-22T16:29:51.641Z" },
]
